PODS:
  - Expecta (1.0.5)
  - Expecta+Snapshots (3.0.0):
    - Expecta (~> 1.0)
    - FBSnapshotTestCase/Core (~> 2.0)
    - Specta (~> 1.0)
  - FBSnapshotTestCase (2.1.1):
    - FBSnapshotTestCase/SwiftSupport (= 2.1.1)
  - FBSnapshotTestCase/Core (2.1.1)
  - FBSnapshotTestCase/SwiftSupport (2.1.1):
    - FBSnapshotTestCase/Core
  - keyper-ios-sdk (0.9.0)
  - Specta (1.0.5)

DEPENDENCIES:
  - Expecta
  - Expecta+Snapshots
  - FBSnapshotTestCase
  - keyper-ios-sdk (from `https://github.com/keyper/keyper-ios-sdk.git`, branch `0.9.0`)
  - Specta

EXTERNAL SOURCES:
  keyper-ios-sdk:
    :branch: 0.9.0
    :git: https://github.com/keyper/keyper-ios-sdk.git

CHECKOUT OPTIONS:
  keyper-ios-sdk:
    :commit: ba08e4225d79ae4ffd8123aced7e0acd7d91fa5c
    :git: https://github.com/keyper/keyper-ios-sdk.git

SPEC CHECKSUMS:
  Expecta: e1c022fcd33910b6be89c291d2775b3fe27a89fe
  Expecta+Snapshots: c343f410c7a6392f3e22e78f94c44b6c0749a516
  FBSnapshotTestCase: 432afd8d059ccef7f207225894840a03fbcf7474
  keyper-ios-sdk: d010f6382d71083a1af025fb70df741239d8d77e
  Specta: ac94d110b865115fe60ff2c6d7281053c6f8e8a2

PODFILE CHECKSUM: e658ec8918a615c0cc900b5761bf185fd3c93aae

COCOAPODS: 1.0.0
